{
  "lockfileVersion": 1,
  "configVersion": 1,
  "workspaces": {
    "": {
      "dependencies": {
        "@opencode-ai/plugin": "1.0.219",
      },
    },
  },
  "packages": {
    "@opencode-ai/plugin": ["@opencode-ai/plugin@1.0.219", "", { "dependencies": { "@opencode-ai/sdk": "1.0.219", "zod": "4.1.8" } }, "sha512-acyaJd/LuSo/h2RFP8sXX89KZ4aLGjqPJVRkA47ccQGDMcwAzjK9JPJOrmNPzykDWQLVCX66bKKO1Equ82VVvQ=="],

    "@opencode-ai/sdk": ["@opencode-ai/sdk@1.0.219", "", {}, "sha512-thbbQsNhkR4M7hKXy1YK+ekMa6rnuDNNqFt1fCjf3zx7h/DLkoI8ll1MDw/Do/cSzcYuTgVCMV1H+lLDQN0I6A=="],

    "zod": ["zod@4.1.8", "", {}, "sha512-5R1P+WwQqmmMIEACyzSvo4JXHY5WiAFHRMg+zBZKgKS+Q1viRa0C1hmUKtHltoIFKtIdki3pRxkmpP74jnNYHQ=="],
  }
}
